
Microsoft Visual Studio Solution File, Format Version 12.00
# Visual Studio Version 17
VisualStudioVersion = 17.4.33205.214
MinimumVisualStudioVersion = 10.0.40219.1
Project("{FAE04EC0-301F-11D3-BF4B-00C04F79EFBC}") = "AspNetCoreWebApiEfCoreChangeDbOnRuntime", "AspNetCoreWebApiEfCoreChangeDbOnRuntime\AspNetCoreWebApiEfCoreChangeDbOnRuntime.csproj", "{12899D11-45A0-4DE5-AC48-DF3859A131EF}"
EndProject
Global
	GlobalSection(SolutionConfigurationPlatforms) = preSolution
		Debug|Any CPU = Debug|Any CPU
		Release|Any CPU = Release|Any CPU
	EndGlobalSection
	GlobalSection(ProjectConfigurationPlatforms) = postSolution
		{12899D11-45A0-4DE5-AC48-DF3859A131EF}.Debug|Any CPU.ActiveCfg = Debug|Any CPU
		{12899D11-45A0-4DE5-AC48-DF3859A131EF}.Debug|Any CPU.Build.0 = Debug|Any CPU
		{12899D11-45A0-4DE5-AC48-DF3859A131EF}.Release|Any CPU.ActiveCfg = Release|Any CPU
		{12899D11-45A0-4DE5-AC48-DF3859A131EF}.Release|Any CPU.Build.0 = Release|Any CPU
	EndGlobalSection
	GlobalSection(SolutionProperties) = preSolution
		HideSolutionNode = FALSE
	EndGlobalSection
	GlobalSection(ExtensibilityGlobals) = postSolution
		SolutionGuid = {A469F6BF-EEF3-459A-A3B9-A046B28115D0}
	EndGlobalSection
EndGlobal
